[{<<"edown">>,
  {git,"git://github.com/uwiger/edown.git",
       {ref,"754be25f71a04099c83f3ffdff268e70beeb0021"}},
  1},
 {<<"java_erlang">>,
  {git,"https://github.com/fredlund/JavaErlang.git",
       {ref,"6b7866b1a7f2df4b14ca742ad562cac8adaf0540"}},
  0},
 {<<"jesse">>,
  {git,"https://github.com/klarna/jesse.git",
       {ref,"830738e8a03413851cc48a55a5e70f459391cc00"}},
  0},
 {<<"jiffy">>,
  {git,"https://github.com/davisp/jiffy.git",
       {ref,"ee8b48cb448a999e1fddbb5e2e32e7dfe33acf5c"}},
  0},
 {<<"mochijson2">>,
  {git,"https://github.com/bjnortier/mochijson2.git",
       {ref,"e162b7f5be57b8a1fcf5cc99aa4948864af42bba"}},
  0}].
